// !$*UTF8*$!
{
	archiveVersion = 1;
	classes = {
	};
	objectVersion = 55;
	objects = {

/* Begin PBXBuildFile section */
		43E11C75289924E90064C4B5 /* AppDelegate.swift in Sources */ = {isa = PBXBuildFile; fileRef = 43E11C74289924E90064C4B5 /* AppDelegate.swift */; };
		43E11C77289924E90064C4B5 /* SceneDelegate.swift in Sources */ = {isa = PBXBuildFile; fileRef = 43E11C76289924E90064C4B5 /* SceneDelegate.swift */; };
		43E11C7E289924EA0064C4B5 /* Assets.xcassets in Resources */ = {isa = PBXBuildFile; fileRef = 43E11C7D289924EA0064C4B5 /* Assets.xcassets */; };
		43E11C81289924EA0064C4B5 /* LaunchScreen.storyboard in Resources */ = {isa = PBXBuildFile; fileRef = 43E11C7F289924EA0064C4B5 /* LaunchScreen.storyboard */; };
		43E11C89289925510064C4B5 /* Contact.swift in Sources */ = {isa = PBXBuildFile; fileRef = 43E11C88289925510064C4B5 /* Contact.swift */; };
		43E11C8C2899278A0064C4B5 /* DataManager.swift in Sources */ = {isa = PBXBuildFile; fileRef = 43E11C8B2899278A0064C4B5 /* DataManager.swift */; };
		43E11C902899301E0064C4B5 /* ContactList.storyboard in Resources */ = {isa = PBXBuildFile; fileRef = 43E11C8F2899301E0064C4B5 /* ContactList.storyboard */; };
		43E11C92289931290064C4B5 /* ContactListViewController.swift in Sources */ = {isa = PBXBuildFile; fileRef = 43E11C91289931290064C4B5 /* ContactListViewController.swift */; };
		43E11C982899334E0064C4B5 /* PersonalInfoViewController.swift in Sources */ = {isa = PBXBuildFile; fileRef = 43E11C972899334E0064C4B5 /* PersonalInfoViewController.swift */; };
/* End PBXBuildFile section */

/* Begin PBXFileReference section */
		43E11C71289924E90064C4B5 /* ContactList_UIkit.app */ = {isa = PBXFileReference; explicitFileType = wrapper.application; includeInIndex = 0; path = ContactList_UIkit.app; sourceTree = BUILT_PRODUCTS_DIR; };
		43E11C74289924E90064C4B5 /* AppDelegate.swift */ = {isa = PBXFileReference; lastKnownFileType = sourcecode.swift; path = AppDelegate.swift; sourceTree = "<group>"; };
		43E11C76289924E90064C4B5 /* SceneDelegate.swift */ = {isa = PBXFileReference; lastKnownFileType = sourcecode.swift; path = SceneDelegate.swift; sourceTree = "<group>"; };
		43E11C7D289924EA0064C4B5 /* Assets.xcassets */ = {isa = PBXFileReference; lastKnownFileType = folder.assetcatalog; path = Assets.xcassets; sourceTree = "<group>"; };
		43E11C80289924EA0064C4B5 /* Base */ = {isa = PBXFileReference; lastKnownFileType = file.storyboard; name = Base; path = Base.lproj/LaunchScreen.storyboard; sourceTree = "<group>"; };
		43E11C82289924EA0064C4B5 /* Info.plist */ = {isa = PBXFileReference; lastKnownFileType = text.plist.xml; path = Info.plist; sourceTree = "<group>"; };
		43E11C88289925510064C4B5 /* Contact.swift */ = {isa = PBXFileReference; lastKnownFileType = sourcecode.swift; path = Contact.swift; sourceTree = "<group>"; };
		43E11C8B2899278A0064C4B5 /* DataManager.swift */ = {isa = PBXFileReference; lastKnownFileType = sourcecode.swift; path = DataManager.swift; sourceTree = "<group>"; };
		43E11C8F2899301E0064C4B5 /* ContactList.storyboard */ = {isa = PBXFileReference; lastKnownFileType = file.storyboard; path = ContactList.storyboard; sourceTree = "<group>"; };
		43E11C91289931290064C4B5 /* ContactListViewController.swift */ = {isa = PBXFileReference; lastKnownFileType = sourcecode.swift; path = ContactListViewController.swift; sourceTree = "<group>"; };
		43E11C972899334E0064C4B5 /* PersonalInfoViewController.swift */ = {isa = PBXFileReference; lastKnownFileType = sourcecode.swift; path = PersonalInfoViewController.swift; sourceTree = "<group>"; };
/* End PBXFileReference section */

/* Begin PBXFrameworksBuildPhase section */
		43E11C6E289924E90064C4B5 /* Frameworks */ = {
			isa = PBXFrameworksBuildPhase;
			buildActionMask = 2147483647;
			files = (
			);
			runOnlyForDeploymentPostprocessing = 0;
		};
/* End PBXFrameworksBuildPhase section */

/* Begin PBXGroup section */
		43E11C68289924E90064C4B5 = {
			isa = PBXGroup;
			children = (
				43E11C73289924E90064C4B5 /* ContactList_UIkit */,
				43E11C962899323D0064C4B5 /* App */,
				43E11C95289932270064C4B5 /* Resources */,
				43E11C72289924E90064C4B5 /* Products */,
			);
			sourceTree = "<group>";
		};
		43E11C72289924E90064C4B5 /* Products */ = {
			isa = PBXGroup;
			children = (
				43E11C71289924E90064C4B5 /* ContactList_UIkit.app */,
			);
			name = Products;
			sourceTree = "<group>";
		};
		43E11C73289924E90064C4B5 /* ContactList_UIkit */ = {
			isa = PBXGroup;
			children = (
				43E11C8A289925590064C4B5 /* Models */,
				43E11C94289931F20064C4B5 /* ViewControllers */,
				43E11C8E2899279B0064C4B5 /* Services */,
				43E11C93289931DC0064C4B5 /* Storyboards */,
			);
			path = ContactList_UIkit;
			sourceTree = "<group>";
		};
		43E11C8A289925590064C4B5 /* Models */ = {
			isa = PBXGroup;
			children = (
				43E11C88289925510064C4B5 /* Contact.swift */,
			);
			path = Models;
			sourceTree = "<group>";
		};
		43E11C8E2899279B0064C4B5 /* Services */ = {
			isa = PBXGroup;
			children = (
				43E11C8B2899278A0064C4B5 /* DataManager.swift */,
			);
			path = Services;
			sourceTree = "<group>";
		};
		43E11C93289931DC0064C4B5 /* Storyboards */ = {
			isa = PBXGroup;
			children = (
				43E11C8F2899301E0064C4B5 /* ContactList.storyboard */,
				43E11C7F289924EA0064C4B5 /* LaunchScreen.storyboard */,
			);
			path = Storyboards;
			sourceTree = "<group>";
		};
		43E11C94289931F20064C4B5 /* ViewControllers */ = {
			isa = PBXGroup;
			children = (
				43E11C91289931290064C4B5 /* ContactListViewController.swift */,
				43E11C972899334E0064C4B5 /* PersonalInfoViewController.swift */,
			);
			path = ViewControllers;
			sourceTree = "<group>";
		};
		43E11C95289932270064C4B5 /* Resources */ = {
			isa = PBXGroup;
			children = (
				43E11C7D289924EA0064C4B5 /* Assets.xcassets */,
			);
			path = Resources;
			sourceTree = "<group>";
		};
		43E11C962899323D0064C4B5 /* App */ = {
			isa = PBXGroup;
			children = (
				43E11C76289924E90064C4B5 /* SceneDelegate.swift */,
				43E11C74289924E90064C4B5 /* AppDelegate.swift */,
				43E11C82289924EA0064C4B5 /* Info.plist */,
			);
			path = App;
			sourceTree = "<group>";
		};
/* End PBXGroup section */

/* Begin PBXNativeTarget section */
		43E11C70289924E90064C4B5 /* ContactList_UIkit */ = {
			isa = PBXNativeTarget;
			buildConfigurationList = 43E11C85289924EA0064C4B5 /* Build configuration list for PBXNativeTarget "ContactList_UIkit" */;
			buildPhases = (
				43E11C6D289924E90064C4B5 /* Sources */,
				43E11C6E289924E90064C4B5 /* Frameworks */,
				43E11C6F289924E90064C4B5 /* Resources */,
			);
			buildRules = (
			);
			dependencies = (
			);
			name = ContactList_UIkit;
			productName = ContactList_UIkit;
			productReference = 43E11C71289924E90064C4B5 /* ContactList_UIkit.app */;
			productType = "com.apple.product-type.application";
		};
/* End PBXNativeTarget section */

/* Begin PBXProject section */
		43E11C69289924E90064C4B5 /* Project object */ = {
			isa = PBXProject;
			attributes = {
				BuildIndependentTargetsInParallel = 1;
				LastSwiftUpdateCheck = 1340;
				LastUpgradeCheck = 1340;
				TargetAttributes = {
					43E11C70289924E90064C4B5 = {
						CreatedOnToolsVersion = 13.4.1;
					};
				};
			};
			buildConfigurationList = 43E11C6C289924E90064C4B5 /* Build configuration list for PBXProject "ContactList_UIkit" */;
			compatibilityVersion = "Xcode 13.0";
			developmentRegion = en;
			hasScannedForEncodings = 0;
			knownRegions = (
				en,
				Base,
			);
			mainGroup = 43E11C68289924E90064C4B5;
			productRefGroup = 43E11C72289924E90064C4B5 /* Products */;
			projectDirPath = "";
			projectRoot = "";
			targets = (
				43E11C70289924E90064C4B5 /* ContactList_UIkit */,
			);
		};
/* End PBXProject section */

/* Begin PBXResourcesBuildPhase section */
		43E11C6F289924E90064C4B5 /* Resources */ = {
			isa = PBXResourcesBuildPhase;
			buildActionMask = 2147483647;
			files = (
				43E11C81289924EA0064C4B5 /* LaunchScreen.storyboard in Resources */,
				43E11C7E289924EA0064C4B5 /* Assets.xcassets in Resources */,
				43E11C902899301E0064C4B5 /* ContactList.storyboard in Resources */,
			);
			runOnlyForDeploymentPostprocessing = 0;
		};
/* End PBXResourcesBuildPhase section */

/* Begin PBXSourcesBuildPhase section */
		43E11C6D289924E90064C4B5 /* Sources */ = {
			isa = PBXSourcesBuildPhase;
			buildActionMask = 2147483647;
			files = (
				43E11C89289925510064C4B5 /* Contact.swift in Sources */,
				43E11C92289931290064C4B5 /* ContactListViewController.swift in Sources */,
				43E11C8C2899278A0064C4B5 /* DataManager.swift in Sources */,
				43E11C75289924E90064C4B5 /* AppDelegate.swift in Sources */,
				43E11C982899334E0064C4B5 /* PersonalInfoViewController.swift in Sources */,
				43E11C77289924E90064C4B5 /* SceneDelegate.swift in Sources */,
			);
			runOnlyForDeploymentPostprocessing = 0;
		};
/* End PBXSourcesBuildPhase section */

/* Begin PBXVariantGroup section */
		43E11C7F289924EA0064C4B5 /* LaunchScreen.storyboard */ = {
			isa = PBXVariantGroup;
			children = (
				43E11C80289924EA0064C4B5 /* Base */,
			);
			name = LaunchScreen.storyboard;
			sourceTree = "<group>";
		};
/* End PBXVariantGroup section */

/* Begin XCBuildConfiguration section */
		43E11C83289924EA0064C4B5 /* Debug */ = {
			isa = XCBuildConfiguration;
			buildSettings = {
				ALWAYS_SEARCH_USER_PATHS = NO;
				CLANG_ANALYZER_NONNULL = YES;
				CLANG_ANALYZER_NUMBER_OBJECT_CONVERSION = YES_AGGRESSIVE;
				CLANG_CXX_LANGUAGE_STANDARD = "gnu++17";
				CLANG_ENABLE_MODULES = YES;
				CLANG_ENABLE_OBJC_ARC = YES;
				CLANG_ENABLE_OBJC_WEAK = YES;
				CLANG_WARN_BLOCK_CAPTURE_AUTORELEASING = YES;
				CLANG_WARN_BOOL_CONVERSION = YES;
				CLANG_WARN_COMMA = YES;
				CLANG_WARN_CONSTANT_CONVERSION = YES;
				CLANG_WARN_DEPRECATED_OBJC_IMPLEMENTATIONS = YES;
				CLANG_WARN_DIRECT_OBJC_ISA_USAGE = YES_ERROR;
				CLANG_WARN_DOCUMENTATION_COMMENTS = YES;
				CLANG_WARN_EMPTY_BODY = YES;
				CLANG_WARN_ENUM_CONVERSION = YES;
				CLANG_WARN_INFINITE_RECURSION = YES;
				CLANG_WARN_INT_CONVERSION = YES;
				CLANG_WARN_NON_LITERAL_NULL_CONVERSION = YES;
				CLANG_WARN_OBJC_IMPLICIT_RETAIN_SELF = YES;
				CLANG_WARN_OBJC_LITERAL_CONVERSION = YES;
				CLANG_WARN_OBJC_ROOT_CLASS = YES_ERROR;
				CLANG_WARN_QUOTED_INCLUDE_IN_FRAMEWORK_HEADER = YES;
				CLANG_WARN_RANGE_LOOP_ANALYSIS = YES;
				CLANG_WARN_STRICT_PROTOTYPES = YES;
				CLANG_WARN_SUSPICIOUS_MOVE = YES;
				CLANG_WARN_UNGUARDED_AVAILABILITY = YES_AGGRESSIVE;
				CLANG_WARN_UNREACHABLE_CODE = YES;
				CLANG_WARN__DUPLICATE_METHOD_MATCH = YES;
				COPY_PHASE_STRIP = NO;
				DEBUG_INFORMATION_FORMAT = dwarf;
				ENABLE_STRICT_OBJC_MSGSEND = YES;
				ENABLE_TESTABILITY = YES;
				GCC_C_LANGUAGE_STANDARD = gnu11;
				GCC_DYNAMIC_NO_PIC = NO;
				GCC_NO_COMMON_BLOCKS = YES;
				GCC_OPTIMIZATION_LEVEL = 0;
				GCC_PREPROCESSOR_DEFINITIONS = (
					"DEBUG=1",
					"$(inherited)",
				);
				GCC_WARN_64_TO_32_BIT_CONVERSION = YES;
				GCC_WARN_ABOUT_RETURN_TYPE = YES_ERROR;
				GCC_WARN_UNDECLARED_SELECTOR = YES;
				GCC_WARN_UNINITIALIZED_AUTOS = YES_AGGRESSIVE;
				GCC_WARN_UNUSED_FUNCTION = YES;
				GCC_WARN_UNUSED_VARIABLE = YES;
				IPHONEOS_DEPLOYMENT_TARGET = 15.5;
				MTL_ENABLE_DEBUG_INFO = INCLUDE_SOURCE;
				MTL_FAST_MATH = YES;
				ONLY_ACTIVE_ARCH = YES;
				SDKROOT = iphoneos;
				SWIFT_ACTIVE_COMPILATION_CONDITIONS = DEBUG;
				SWIFT_OPTIMIZATION_LEVEL = "-Onone";
			};
			name = Debug;
		};
		43E11C84289924EA0064C4B5 /* Release */ = {
			isa = XCBuildConfiguration;
			buildSettings = {
				ALWAYS_SEARCH_USER_PATHS = NO;
				CLANG_ANALYZER_NONNULL = YES;
				CLANG_ANALYZER_NUMBER_OBJECT_CONVERSION = YES_AGGRESSIVE;
				CLANG_CXX_LANGUAGE_STANDARD = "gnu++17";
				CLANG_ENABLE_MODULES = YES;
				CLANG_ENABLE_OBJC_ARC = YES;
				CLANG_ENABLE_OBJC_WEAK = YES;
				CLANG_WARN_BLOCK_CAPTURE_AUTORELEASING = YES;
				CLANG_WARN_BOOL_CONVERSION = YES;
				CLANG_WARN_COMMA = YES;
				CLANG_WARN_CONSTANT_CONVERSION = YES;
				CLANG_WARN_DEPRECATED_OBJC_IMPLEMENTATIONS = YES;
				CLANG_WARN_DIRECT_OBJC_ISA_USAGE = YES_ERROR;
				CLANG_WARN_DOCUMENTATION_COMMENTS = YES;
				CLANG_WARN_EMPTY_BODY = YES;
				CLANG_WARN_ENUM_CONVERSION = YES;
				CLANG_WARN_INFINITE_RECURSION = YES;
				CLANG_WARN_INT_CONVERSION = YES;
				CLANG_WARN_NON_LITERAL_NULL_CONVERSION = YES;
				CLANG_WARN_OBJC_IMPLICIT_RETAIN_SELF = YES;
				CLANG_WARN_OBJC_LITERAL_CONVERSION = YES;
				CLANG_WARN_OBJC_ROOT_CLASS = YES_ERROR;
				CLANG_WARN_QUOTED_INCLUDE_IN_FRAMEWORK_HEADER = YES;
				CLANG_WARN_RANGE_LOOP_ANALYSIS = YES;
				CLANG_WARN_STRICT_PROTOTYPES = YES;
				CLANG_WARN_SUSPICIOUS_MOVE = YES;
				CLANG_WARN_UNGUARDED_AVAILABILITY = YES_AGGRESSIVE;
				CLANG_WARN_UNREACHABLE_CODE = YES;
				CLANG_WARN__DUPLICATE_METHOD_MATCH = YES;
				COPY_PHASE_STRIP = NO;
				DEBUG_INFORMATION_FORMAT = "dwarf-with-dsym";
				ENABLE_NS_ASSERTIONS = NO;
				ENABLE_STRICT_OBJC_MSGSEND = YES;
				GCC_C_LANGUAGE_STANDARD = gnu11;
				GCC_NO_COMMON_BLOCKS = YES;
				GCC_WARN_64_TO_32_BIT_CONVERSION = YES;
				GCC_WARN_ABOUT_RETURN_TYPE = YES_ERROR;
				GCC_WARN_UNDECLARED_SELECTOR = YES;
				GCC_WARN_UNINITIALIZED_AUTOS = YES_AGGRESSIVE;
				GCC_WARN_UNUSED_FUNCTION = YES;
				GCC_WARN_UNUSED_VARIABLE = YES;
				IPHONEOS_DEPLOYMENT_TARGET = 15.5;
				MTL_ENABLE_DEBUG_INFO = NO;
				MTL_FAST_MATH = YES;
				SDKROOT = iphoneos;
				SWIFT_COMPILATION_MODE = wholemodule;
				SWIFT_OPTIMIZATION_LEVEL = "-O";
				VALIDATE_PRODUCT = YES;
			};
			name = Release;
		};
		43E11C86289924EA0064C4B5 /* Debug */ = {
			isa = XCBuildConfiguration;
			buildSettings = {
				ASSETCATALOG_COMPILER_APPICON_NAME = AppIcon;
				ASSETCATALOG_COMPILER_GLOBAL_ACCENT_COLOR_NAME = AccentColor;
				CODE_SIGN_STYLE = Automatic;
				CURRENT_PROJECT_VERSION = 1;
				GENERATE_INFOPLIST_FILE = YES;
				INFOPLIST_FILE = ContactList_UIkit/Info.plist;
				INFOPLIST_KEY_UIApplicationSupportsIndirectInputEvents = YES;
				INFOPLIST_KEY_UILaunchStoryboardName = LaunchScreen;
				INFOPLIST_KEY_UIMainStoryboardFile = Main;
				INFOPLIST_KEY_UISupportedInterfaceOrientations = UIInterfaceOrientationPortrait;
				INFOPLIST_KEY_UISupportedInterfaceOrientations_iPad = "UIInterfaceOrientationPortrait UIInterfaceOrientationPortraitUpsideDown UIInterfaceOrientationLandscapeLeft UIInterfaceOrientationLandscapeRight";
				INFOPLIST_KEY_UISupportedInterfaceOrientations_iPhone = "UIInterfaceOrientationPortrait UIInterfaceOrientationLandscapeLeft UIInterfaceOrientationLandscapeRight";
				LD_RUNPATH_SEARCH_PATHS = (
					"$(inherited)",
					"@executable_path/Frameworks",
				);
				MARKETING_VERSION = 1.0;
				PRODUCT_BUNDLE_IDENTIFIER = "K2.ContactList-UIkit";
				PRODUCT_NAME = "$(TARGET_NAME)";
				SWIFT_EMIT_LOC_STRINGS = YES;
				SWIFT_VERSION = 5.0;
				TARGETED_DEVICE_FAMILY = 1;
			};
			name = Debug;
		};
		43E11C87289924EA0064C4B5 /* Release */ = {
			isa = XCBuildConfiguration;
			buildSettings = {
				ASSETCATALOG_COMPILER_APPICON_NAME = AppIcon;
				ASSETCATALOG_COMPILER_GLOBAL_ACCENT_COLOR_NAME = AccentColor;
				CODE_SIGN_STYLE = Automatic;
				CURRENT_PROJECT_VERSION = 1;
				GENERATE_INFOPLIST_FILE = YES;
				INFOPLIST_FILE = ContactList_UIkit/Info.plist;
				INFOPLIST_KEY_UIApplicationSupportsIndirectInputEvents = YES;
				INFOPLIST_KEY_UILaunchStoryboardName = LaunchScreen;
				INFOPLIST_KEY_UIMainStoryboardFile = Main;
				INFOPLIST_KEY_UISupportedInterfaceOrientations = UIInterfaceOrientationPortrait;
				INFOPLIST_KEY_UISupportedInterfaceOrientations_iPad = "UIInterfaceOrientationPortrait UIInterfaceOrientationPortraitUpsideDown UIInterfaceOrientationLandscapeLeft UIInterfaceOrientationLandscapeRight";
				INFOPLIST_KEY_UISupportedInterfaceOrientations_iPhone = "UIInterfaceOrientationPortrait UIInterfaceOrientationLandscapeLeft UIInterfaceOrientationLandscapeRight";
				LD_RUNPATH_SEARCH_PATHS = (
					"$(inherited)",
					"@executable_path/Frameworks",
				);
				MARKETING_VERSION = 1.0;
				PRODUCT_BUNDLE_IDENTIFIER = "K2.ContactList-UIkit";
				PRODUCT_NAME = "$(TARGET_NAME)";
				SWIFT_EMIT_LOC_STRINGS = YES;
				SWIFT_VERSION = 5.0;
				TARGETED_DEVICE_FAMILY = 1;
			};
			name = Release;
		};
/* End XCBuildConfiguration section */

/* Begin XCConfigurationList section */
		43E11C6C289924E90064C4B5 /* Build configuration list for PBXProject "ContactList_UIkit" */ = {
			isa = XCConfigurationList;
			buildConfigurations = (
				43E11C83289924EA0064C4B5 /* Debug */,
				43E11C84289924EA0064C4B5 /* Release */,
			);
			defaultConfigurationIsVisible = 0;
			defaultConfigurationName = Release;
		};
		43E11C85289924EA0064C4B5 /* Build configuration list for PBXNativeTarget "ContactList_UIkit" */ = {
			isa = XCConfigurationList;
			buildConfigurations = (
				43E11C86289924EA0064C4B5 /* Debug */,
				43E11C87289924EA0064C4B5 /* Release */,
			);
			defaultConfigurationIsVisible = 0;
			defaultConfigurationName = Release;
		};
/* End XCConfigurationList section */
	};
	rootObject = 43E11C69289924E90064C4B5 /* Project object */;
}
